
Microsoft Visual Studio Solution File, Format Version 12.00
# Visual Studio 15
VisualStudioVersion = 15.0.27130.0
MinimumVisualStudioVersion = 10.0.40219.1
Project("{FAE04EC0-301F-11D3-BF4B-00C04F79EFBC}") = "AbstractFactory", "AbstractFactory\AbstractFactory.csproj", "{0BACF8B5-16CD-4CD2-A38C-C7C3655C321F}"
EndProject
Project("{FAE04EC0-301F-11D3-BF4B-00C04F79EFBC}") = "Builder", "Builder\Builder.csproj", "{15E7953D-77DF-4E6E-BC84-578DCA3739DC}"
EndProject
Project("{FAE04EC0-301F-11D3-BF4B-00C04F79EFBC}") = "FactoryMethod", "FactoryMethod\FactoryMethod.csproj", "{B87288F1-EB99-4A81-A370-4D57F0DA0FEB}"
EndProject
Project("{FAE04EC0-301F-11D3-BF4B-00C04F79EFBC}") = "Bridge", "Bridge\Bridge.csproj", "{0231AFB5-1FC5-484D-A896-272628E1A120}"
EndProject
Project("{FAE04EC0-301F-11D3-BF4B-00C04F79EFBC}") = "Composite", "Composite\Composite.csproj", "{6F65417B-8611-48FD-9114-82BDF02C689B}"
EndProject
Global
	GlobalSection(SolutionConfigurationPlatforms) = preSolution
		Debug|Any CPU = Debug|Any CPU
		Release|Any CPU = Release|Any CPU
	EndGlobalSection
	GlobalSection(ProjectConfigurationPlatforms) = postSolution
		{0BACF8B5-16CD-4CD2-A38C-C7C3655C321F}.Debug|Any CPU.ActiveCfg = Debug|Any CPU
		{0BACF8B5-16CD-4CD2-A38C-C7C3655C321F}.Debug|Any CPU.Build.0 = Debug|Any CPU
		{0BACF8B5-16CD-4CD2-A38C-C7C3655C321F}.Release|Any CPU.ActiveCfg = Release|Any CPU
		{0BACF8B5-16CD-4CD2-A38C-C7C3655C321F}.Release|Any CPU.Build.0 = Release|Any CPU
		{15E7953D-77DF-4E6E-BC84-578DCA3739DC}.Debug|Any CPU.ActiveCfg = Debug|Any CPU
		{15E7953D-77DF-4E6E-BC84-578DCA3739DC}.Debug|Any CPU.Build.0 = Debug|Any CPU
		{15E7953D-77DF-4E6E-BC84-578DCA3739DC}.Release|Any CPU.ActiveCfg = Release|Any CPU
		{15E7953D-77DF-4E6E-BC84-578DCA3739DC}.Release|Any CPU.Build.0 = Release|Any CPU
		{B87288F1-EB99-4A81-A370-4D57F0DA0FEB}.Debug|Any CPU.ActiveCfg = Debug|Any CPU
		{B87288F1-EB99-4A81-A370-4D57F0DA0FEB}.Debug|Any CPU.Build.0 = Debug|Any CPU
		{B87288F1-EB99-4A81-A370-4D57F0DA0FEB}.Release|Any CPU.ActiveCfg = Release|Any CPU
		{B87288F1-EB99-4A81-A370-4D57F0DA0FEB}.Release|Any CPU.Build.0 = Release|Any CPU
		{0231AFB5-1FC5-484D-A896-272628E1A120}.Debug|Any CPU.ActiveCfg = Debug|Any CPU
		{0231AFB5-1FC5-484D-A896-272628E1A120}.Debug|Any CPU.Build.0 = Debug|Any CPU
		{0231AFB5-1FC5-484D-A896-272628E1A120}.Release|Any CPU.ActiveCfg = Release|Any CPU
		{0231AFB5-1FC5-484D-A896-272628E1A120}.Release|Any CPU.Build.0 = Release|Any CPU
		{6F65417B-8611-48FD-9114-82BDF02C689B}.Debug|Any CPU.ActiveCfg = Debug|Any CPU
		{6F65417B-8611-48FD-9114-82BDF02C689B}.Debug|Any CPU.Build.0 = Debug|Any CPU
		{6F65417B-8611-48FD-9114-82BDF02C689B}.Release|Any CPU.ActiveCfg = Release|Any CPU
		{6F65417B-8611-48FD-9114-82BDF02C689B}.Release|Any CPU.Build.0 = Release|Any CPU
	EndGlobalSection
	GlobalSection(SolutionProperties) = preSolution
		HideSolutionNode = FALSE
	EndGlobalSection
	GlobalSection(ExtensibilityGlobals) = postSolution
		SolutionGuid = {70A05AF2-E2F9-4509-942F-9FE84B4CC543}
	EndGlobalSection
EndGlobal
